# This file is auto-generated by agr. Do not edit.

version = 1

[[skill]]
handle = "computerlovetech/agr/agr-cli"
source = "github"
commit = "0cd0e618a3f2fbadcdb0a52b9a282af0d6895020"
content-hash = "sha256:526cf89cbb2ea8ef2e3ae225969e5b7c120ee7bc339f462af05af8d5c31f6234"
installed-name = "agr-cli"

[[skill]]
path = "./skills/oe-cli"
installed-name = "oe-cli"

[[skill]]
path = "./skills/challenge-assumptions"
installed-name = "challenge-assumptions"

[[skill]]
path = "./skills/challenge-product-intent"
installed-name = "challenge-product-intent"

[[skill]]
path = "./skills/craft-vision-strategy"
installed-name = "craft-vision-strategy"
